Microsoft Visual Studio Solution File, Format Version 12.00
# Visual Studio Version 17
VisualStudioVersion = 17.5.2.0
MinimumVisualStudioVersion = 10.0.40219.1
Project("{FAE04EC0-301F-11D3-BF4B-00C04F79EFBC}") = "TwitterApi", "TwitterApi\TwitterApi.csproj", "{A6A3F19C-7D91-AD8D-910F-8D4842E7E251}"
EndProject
Global
	GlobalSection(SolutionConfigurationPlatforms) = preSolution
		Debug|Any CPU = Debug|Any CPU
		Release|Any CPU = Release|Any CPU
	EndGlobalSection
	GlobalSection(ProjectConfigurationPlatforms) = postSolution
		{A6A3F19C-7D91-AD8D-910F-8D4842E7E251}.Debug|Any CPU.ActiveCfg = Debug|Any CPU
		{A6A3F19C-7D91-AD8D-910F-8D4842E7E251}.Debug|Any CPU.Build.0 = Debug|Any CPU
		{A6A3F19C-7D91-AD8D-910F-8D4842E7E251}.Release|Any CPU.ActiveCfg = Release|Any CPU
		{A6A3F19C-7D91-AD8D-910F-8D4842E7E251}.Release|Any CPU.Build.0 = Release|Any CPU
	EndGlobalSection
	GlobalSection(SolutionProperties) = preSolution
		HideSolutionNode = FALSE
	EndGlobalSection
	GlobalSection(ExtensibilityGlobals) = postSolution
		SolutionGuid = {77ADE1D3-A44F-4A0B-AD5B-331BE4E5009E}
	EndGlobalSection
EndGlobal
